
Microsoft Visual Studio Solution File, Format Version 12.00
# Visual Studio Version 17
VisualStudioVersion = 17.2.32519.379
MinimumVisualStudioVersion = 10.0.40219.1
Project("{2150E333-8FDC-42A3-9474-1A3956D46DE8}") = "src", "src", "{42C6F50F-8DCE-4CA8-99A8-14E089B0621A}"
EndProject
Project("{2150E333-8FDC-42A3-9474-1A3956D46DE8}") = "EFCore", "EFCore", "{17800143-C128-4D04-9E72-88AE73B7D380}"
EndProject
Project("{FAE04EC0-301F-11D3-BF4B-00C04F79EFBC}") = "DotNetWorkspace.EFCore.Model", "src\EFCore\DotNetWorkspace.EFCore.Model\DotNetWorkspace.EFCore.Model.csproj", "{3F0EA33F-8802-455A-B0E7-36768BA4AF31}"
EndProject
Project("{FAE04EC0-301F-11D3-BF4B-00C04F79EFBC}") = "DotNetWorkspace.EFCore.DataAccess", "src\EFCore\DotNetWorkspace.EFCore.DataAccess\DotNetWorkspace.EFCore.DataAccess.csproj", "{DDFB4EE2-4BDF-4A76-B93D-EAEF1A33D909}"
EndProject
Global
	GlobalSection(SolutionConfigurationPlatforms) = preSolution
		Debug|Any CPU = Debug|Any CPU
		Release|Any CPU = Release|Any CPU
	EndGlobalSection
	GlobalSection(ProjectConfigurationPlatforms) = postSolution
		{3F0EA33F-8802-455A-B0E7-36768BA4AF31}.Debug|Any CPU.ActiveCfg = Debug|Any CPU
		{3F0EA33F-8802-455A-B0E7-36768BA4AF31}.Debug|Any CPU.Build.0 = Debug|Any CPU
		{3F0EA33F-8802-455A-B0E7-36768BA4AF31}.Release|Any CPU.ActiveCfg = Release|Any CPU
		{3F0EA33F-8802-455A-B0E7-36768BA4AF31}.Release|Any CPU.Build.0 = Release|Any CPU
		{DDFB4EE2-4BDF-4A76-B93D-EAEF1A33D909}.Debug|Any CPU.ActiveCfg = Debug|Any CPU
		{DDFB4EE2-4BDF-4A76-B93D-EAEF1A33D909}.Debug|Any CPU.Build.0 = Debug|Any CPU
		{DDFB4EE2-4BDF-4A76-B93D-EAEF1A33D909}.Release|Any CPU.ActiveCfg = Release|Any CPU
		{DDFB4EE2-4BDF-4A76-B93D-EAEF1A33D909}.Release|Any CPU.Build.0 = Release|Any CPU
	EndGlobalSection
	GlobalSection(SolutionProperties) = preSolution
		HideSolutionNode = FALSE
	EndGlobalSection
	GlobalSection(NestedProjects) = preSolution
		{17800143-C128-4D04-9E72-88AE73B7D380} = {42C6F50F-8DCE-4CA8-99A8-14E089B0621A}
		{3F0EA33F-8802-455A-B0E7-36768BA4AF31} = {17800143-C128-4D04-9E72-88AE73B7D380}
		{DDFB4EE2-4BDF-4A76-B93D-EAEF1A33D909} = {17800143-C128-4D04-9E72-88AE73B7D380}
	EndGlobalSection
	GlobalSection(ExtensibilityGlobals) = postSolution
		SolutionGuid = {D075B45E-1C6D-4765-BA68-68BEC2F917D8}
	EndGlobalSection
EndGlobal
