
Microsoft Visual Studio Solution File, Format Version 12.00
# Visual Studio Version 17
VisualStudioVersion = 17.2.32519.379
MinimumVisualStudioVersion = 10.0.40219.1
Project("{2150E333-8FDC-42A3-9474-1A3956D46DE8}") = "src", "src", "{42C6F50F-8DCE-4CA8-99A8-14E089B0621A}"
EndProject
Project("{2150E333-8FDC-42A3-9474-1A3956D46DE8}") = "EFCore", "EFCore", "{17800143-C128-4D04-9E72-88AE73B7D380}"
EndProject
Project("{9A19103F-16F7-4668-BE54-9A1E7A4F7556}") = "DotNetWorkspace.EFCore.Model", "src\EFCore\DotNetWorkspace.EFCore.Model\DotNetWorkspace.EFCore.Model.csproj", "{3F0EA33F-8802-455A-B0E7-36768BA4AF31}"
EndProject
Project("{9A19103F-16F7-4668-BE54-9A1E7A4F7556}") = "DotNetWorkspace.EFCore.DataAccess", "src\EFCore\DotNetWorkspace.EFCore.DataAccess\DotNetWorkspace.EFCore.DataAccess.csproj", "{DDFB4EE2-4BDF-4A76-B93D-EAEF1A33D909}"
EndProject
Project("{2150E333-8FDC-42A3-9474-1A3956D46DE8}") = "ConfigureAwait", "ConfigureAwait", "{777705A6-BE25-45E3-843D-84B82048075F}"
EndProject
Project("{9A19103F-16F7-4668-BE54-9A1E7A4F7556}") = "DotNetWorkspace.ConfigureAwait.WPFApp", "src\ConfigureAwait\DotNetWorkspace.ConfigureAwait.WPFApp\DotNetWorkspace.ConfigureAwait.WPFApp.csproj", "{784A443F-D5A8-4725-A097-A5AD753CF397}"
EndProject
Project("{9A19103F-16F7-4668-BE54-9A1E7A4F7556}") = "DotNetWorkspace.ConfigureAwait.Library", "src\ConfigureAwait\DotNetWorkspace.ConfigureAwait.Library\DotNetWorkspace.ConfigureAwait.Library.csproj", "{5ACF3F1C-D488-4BB9-B9FF-F9C5CABDA366}"
EndProject
Project("{9A19103F-16F7-4668-BE54-9A1E7A4F7556}") = "DotNetWorkspace.EventHandling", "src\DotNetWorkspace.EventHandling\DotNetWorkspace.EventHandling.csproj", "{E3E61D99-BB78-4B15-B815-9AC26F126EAC}"
EndProject
Project("{2150E333-8FDC-42A3-9474-1A3956D46DE8}") = "SignalR", "SignalR", "{89D76BFC-4FA4-48FB-B946-D6BC9DE03FD0}"
EndProject
Project("{9A19103F-16F7-4668-BE54-9A1E7A4F7556}") = "DotNetWorkspace.SignalR.WebUI", "src\SignalR\DotNetWorkspace.SignalR.WebUI\DotNetWorkspace.SignalR.WebUI.csproj", "{159ADB6E-E078-4FC0-B3CE-1CC2D3CAE9A0}"
EndProject
Project("{FAE04EC0-301F-11D3-BF4B-00C04F79EFBC}") = "DotNetWorkspace.Extensions", "src\DotNetWorkspace.Extensions\DotNetWorkspace.Extensions.csproj", "{5723585C-5DA3-4CD5-887B-39C914424E39}"
EndProject
Project("{FAE04EC0-301F-11D3-BF4B-00C04F79EFBC}") = "DotNetWorkspace.SignalR.Server", "src\SignalR\DotNetWorkspace.SignalR.Server\DotNetWorkspace.SignalR.Server.csproj", "{5B37809C-1B6D-4E19-9196-90B460D0FE1A}"
EndProject
Global
	GlobalSection(SolutionConfigurationPlatforms) = preSolution
		Debug|Any CPU = Debug|Any CPU
		Release|Any CPU = Release|Any CPU
	EndGlobalSection
	GlobalSection(ProjectConfigurationPlatforms) = postSolution
		{3F0EA33F-8802-455A-B0E7-36768BA4AF31}.Debug|Any CPU.ActiveCfg = Debug|Any CPU
		{3F0EA33F-8802-455A-B0E7-36768BA4AF31}.Debug|Any CPU.Build.0 = Debug|Any CPU
		{3F0EA33F-8802-455A-B0E7-36768BA4AF31}.Release|Any CPU.ActiveCfg = Release|Any CPU
		{3F0EA33F-8802-455A-B0E7-36768BA4AF31}.Release|Any CPU.Build.0 = Release|Any CPU
		{DDFB4EE2-4BDF-4A76-B93D-EAEF1A33D909}.Debug|Any CPU.ActiveCfg = Debug|Any CPU
		{DDFB4EE2-4BDF-4A76-B93D-EAEF1A33D909}.Debug|Any CPU.Build.0 = Debug|Any CPU
		{DDFB4EE2-4BDF-4A76-B93D-EAEF1A33D909}.Release|Any CPU.ActiveCfg = Release|Any CPU
		{DDFB4EE2-4BDF-4A76-B93D-EAEF1A33D909}.Release|Any CPU.Build.0 = Release|Any CPU
		{784A443F-D5A8-4725-A097-A5AD753CF397}.Debug|Any CPU.ActiveCfg = Debug|Any CPU
		{784A443F-D5A8-4725-A097-A5AD753CF397}.Debug|Any CPU.Build.0 = Debug|Any CPU
		{784A443F-D5A8-4725-A097-A5AD753CF397}.Release|Any CPU.ActiveCfg = Release|Any CPU
		{784A443F-D5A8-4725-A097-A5AD753CF397}.Release|Any CPU.Build.0 = Release|Any CPU
		{5ACF3F1C-D488-4BB9-B9FF-F9C5CABDA366}.Debug|Any CPU.ActiveCfg = Debug|Any CPU
		{5ACF3F1C-D488-4BB9-B9FF-F9C5CABDA366}.Debug|Any CPU.Build.0 = Debug|Any CPU
		{5ACF3F1C-D488-4BB9-B9FF-F9C5CABDA366}.Release|Any CPU.ActiveCfg = Release|Any CPU
		{5ACF3F1C-D488-4BB9-B9FF-F9C5CABDA366}.Release|Any CPU.Build.0 = Release|Any CPU
		{E3E61D99-BB78-4B15-B815-9AC26F126EAC}.Debug|Any CPU.ActiveCfg = Debug|Any CPU
		{E3E61D99-BB78-4B15-B815-9AC26F126EAC}.Debug|Any CPU.Build.0 = Debug|Any CPU
		{E3E61D99-BB78-4B15-B815-9AC26F126EAC}.Release|Any CPU.ActiveCfg = Release|Any CPU
		{E3E61D99-BB78-4B15-B815-9AC26F126EAC}.Release|Any CPU.Build.0 = Release|Any CPU
		{159ADB6E-E078-4FC0-B3CE-1CC2D3CAE9A0}.Debug|Any CPU.ActiveCfg = Debug|Any CPU
		{159ADB6E-E078-4FC0-B3CE-1CC2D3CAE9A0}.Debug|Any CPU.Build.0 = Debug|Any CPU
		{159ADB6E-E078-4FC0-B3CE-1CC2D3CAE9A0}.Release|Any CPU.ActiveCfg = Release|Any CPU
		{159ADB6E-E078-4FC0-B3CE-1CC2D3CAE9A0}.Release|Any CPU.Build.0 = Release|Any CPU
		{5723585C-5DA3-4CD5-887B-39C914424E39}.Debug|Any CPU.ActiveCfg = Debug|Any CPU
		{5723585C-5DA3-4CD5-887B-39C914424E39}.Debug|Any CPU.Build.0 = Debug|Any CPU
		{5723585C-5DA3-4CD5-887B-39C914424E39}.Release|Any CPU.ActiveCfg = Release|Any CPU
		{5723585C-5DA3-4CD5-887B-39C914424E39}.Release|Any CPU.Build.0 = Release|Any CPU
		{5B37809C-1B6D-4E19-9196-90B460D0FE1A}.Debug|Any CPU.ActiveCfg = Debug|Any CPU
		{5B37809C-1B6D-4E19-9196-90B460D0FE1A}.Debug|Any CPU.Build.0 = Debug|Any CPU
		{5B37809C-1B6D-4E19-9196-90B460D0FE1A}.Release|Any CPU.ActiveCfg = Release|Any CPU
		{5B37809C-1B6D-4E19-9196-90B460D0FE1A}.Release|Any CPU.Build.0 = Release|Any CPU
	EndGlobalSection
	GlobalSection(SolutionProperties) = preSolution
		HideSolutionNode = FALSE
	EndGlobalSection
	GlobalSection(NestedProjects) = preSolution
		{17800143-C128-4D04-9E72-88AE73B7D380} = {42C6F50F-8DCE-4CA8-99A8-14E089B0621A}
		{3F0EA33F-8802-455A-B0E7-36768BA4AF31} = {17800143-C128-4D04-9E72-88AE73B7D380}
		{DDFB4EE2-4BDF-4A76-B93D-EAEF1A33D909} = {17800143-C128-4D04-9E72-88AE73B7D380}
		{777705A6-BE25-45E3-843D-84B82048075F} = {42C6F50F-8DCE-4CA8-99A8-14E089B0621A}
		{784A443F-D5A8-4725-A097-A5AD753CF397} = {777705A6-BE25-45E3-843D-84B82048075F}
		{5ACF3F1C-D488-4BB9-B9FF-F9C5CABDA366} = {777705A6-BE25-45E3-843D-84B82048075F}
		{E3E61D99-BB78-4B15-B815-9AC26F126EAC} = {42C6F50F-8DCE-4CA8-99A8-14E089B0621A}
		{89D76BFC-4FA4-48FB-B946-D6BC9DE03FD0} = {42C6F50F-8DCE-4CA8-99A8-14E089B0621A}
		{159ADB6E-E078-4FC0-B3CE-1CC2D3CAE9A0} = {89D76BFC-4FA4-48FB-B946-D6BC9DE03FD0}
		{5723585C-5DA3-4CD5-887B-39C914424E39} = {42C6F50F-8DCE-4CA8-99A8-14E089B0621A}
		{5B37809C-1B6D-4E19-9196-90B460D0FE1A} = {89D76BFC-4FA4-48FB-B946-D6BC9DE03FD0}
	EndGlobalSection
	GlobalSection(ExtensibilityGlobals) = postSolution
		SolutionGuid = {D075B45E-1C6D-4765-BA68-68BEC2F917D8}
	EndGlobalSection
EndGlobal
